<?xml version="1.0" encoding="utf-8"?>
<Project ToolsVersion="4.0" xmlns="http://schemas.microsoft.com/developer/msbuild/2003">
  <ItemGroup>
    <Filter Include="Arquivos de Origem">
      <UniqueIdentifier>{4FC737F1-C7A5-4376-A066-2A32D752A2FF}</UniqueIdentifier>
      <Extensions>cpp;c;cc;cxx;c++;cppm;ixx;def;odl;idl;hpj;bat;asm;asmx</Extensions>
    </Filter>
    <Filter Include="Arquivos de Cabeçalho">
      <UniqueIdentifier>{93995380-89BD-4b04-88EB-625FBE52EBFB}</UniqueIdentifier>
      <Extensions>h;hh;hpp;hxx;h++;hm;inl;inc;ipp;xsd</Extensions>
    </Filter>
    <Filter Include="Arquivos de Recurso">
      <UniqueIdentifier>{67DA6AB6-F800-4c08-8B7A-83BB121AAD01}</UniqueIdentifier>
      <Extensions>rc;ico;cur;bmp;dlg;rc2;rct;bin;rgs;gif;jpg;jpeg;jpe;resx;tiff;tif;png;wav;mfcribbon-ms</Extensions>
    </Filter>
    <Filter Include="Arquivos de Origem\Utilities">
      <UniqueIdentifier>{69bed679-1cab-4d04-aef3-25b4a15a7b9d}</UniqueIdentifier>
    </Filter>
    <Filter Include="Arquivos de Origem\Shaders">
      <UniqueIdentifier>{f0ea883d-7fea-4c77-ac60-c45ac15ffd8c}</UniqueIdentifier>
    </Filter>
    <Filter Include="Arquivos de Origem\Cube">
      <UniqueIdentifier>{164f1c24-b6d9-4739-b2eb-f058625f6e8e}</UniqueIdentifier>
    </Filter>
    <Filter Include="Arquivos de Origem\Loader">
      <UniqueIdentifier>{361d7574-90fa-483e-aa57-5a6110450678}</UniqueIdentifier>
    </Filter>
  </ItemGroup>
  <ItemGroup>
    <ClCompile Include="main.cpp">
      <Filter>Arquivos de Origem</Filter>
    </ClCompile>
    <ClCompile Include="glad.cpp">
      <Filter>Arquivos de Origem</Filter>
    </ClCompile>
    <ClCompile Include="Shader.cpp">
      <Filter>Arquivos de Origem</Filter>
    </ClCompile>
    <ClCompile Include="Game.cpp">
      <Filter>Arquivos de Origem</Filter>
    </ClCompile>
    <ClCompile Include="Operations.cpp">
      <Filter>Arquivos de Origem\Utilities</Filter>
    </ClCompile>
    <ClCompile Include="ResourceManager.cpp">
      <Filter>Arquivos de Origem\Utilities</Filter>
    </ClCompile>
    <ClCompile Include="Block.h">
      <Filter>Arquivos de Origem\Cube</Filter>
    </ClCompile>
    <ClCompile Include="Chunk.cpp">
      <Filter>Arquivos de Origem\Cube</Filter>
    </ClCompile>
    <ClCompile Include="ChunkMesh.h">
      <Filter>Arquivos de Origem\Cube</Filter>
    </ClCompile>
    <ClCompile Include="ChunkMesh.cpp">
      <Filter>Arquivos de Origem\Cube</Filter>
    </ClCompile>
    <ClCompile Include="CubeModel.cpp">
      <Filter>Arquivos de Origem\Cube</Filter>
    </ClCompile>
    <ClCompile Include="RawModel.h">
      <Filter>Arquivos de Origem</Filter>
    </ClCompile>
    <ClCompile Include="PerlinNoiseGenerator.h">
      <Filter>Arquivos de Origem</Filter>
    </ClCompile>
  </ItemGroup>
  <ItemGroup>
    <None Include="shader.fs">
      <Filter>Arquivos de Origem\Shaders</Filter>
    </None>
    <None Include="shader.vs">
      <Filter>Arquivos de Origem\Shaders</Filter>
    </None>
  </ItemGroup>
  <ItemGroup>
    <ClInclude Include="Shader.h">
      <Filter>Arquivos de Origem</Filter>
    </ClInclude>
    <ClInclude Include="Camera.h">
      <Filter>Arquivos de Origem</Filter>
    </ClInclude>
    <ClInclude Include="Game.h">
      <Filter>Arquivos de Origem</Filter>
    </ClInclude>
    <ClInclude Include="Operations.h">
      <Filter>Arquivos de Origem\Utilities</Filter>
    </ClInclude>
    <ClInclude Include="ResourceManager.h">
      <Filter>Arquivos de Origem\Utilities</Filter>
    </ClInclude>
    <ClInclude Include="Chunk.h">
      <Filter>Arquivos de Origem\Cube</Filter>
    </ClInclude>
    <ClInclude Include="Vertex.h">
      <Filter>Arquivos de Origem\Cube</Filter>
    </ClInclude>
    <ClInclude Include="CubeModel.h">
      <Filter>Arquivos de Origem\Cube</Filter>
    </ClInclude>
    <ClInclude Include="Loader.h">
      <Filter>Arquivos de Origem</Filter>
    </ClInclude>
    <ClInclude Include="Renderer.h">
      <Filter>Arquivos de Origem</Filter>
    </ClInclude>
  </ItemGroup>
</Project>